
Microsoft Visual Studio Solution File, Format Version 12.00
# Visual Studio 14
VisualStudioVersion = 14.0.23107.0
MinimumVisualStudioVersion = 10.0.40219.1
Project("{FAE04EC0-301F-11D3-BF4B-00C04F79EFBC}") = "MenuCreator", "MenuCreator\MenuCreator.csproj", "{1FE639BF-029C-4EC7-BB4E-CA65EB59789C}"
EndProject
Global
	GlobalSection(SolutionConfigurationPlatforms) = preSolution
		Debug|Any CPU = Debug|Any CPU
		Release|Any CPU = Release|Any CPU
	EndGlobalSection
	GlobalSection(ProjectConfigurationPlatforms) = postSolution
		{1FE639BF-029C-4EC7-BB4E-CA65EB59789C}.Debug|Any CPU.ActiveCfg = Debug|Any CPU
		{1FE639BF-029C-4EC7-BB4E-CA65EB59789C}.Debug|Any CPU.Build.0 = Debug|Any CPU
		{1FE639BF-029C-4EC7-BB4E-CA65EB59789C}.Release|Any CPU.ActiveCfg = Release|Any CPU
		{1FE639BF-029C-4EC7-BB4E-CA65EB59789C}.Release|Any CPU.Build.0 = Release|Any CPU
	EndGlobalSection
	GlobalSection(SolutionProperties) = preSolution
		HideSolutionNode = FALSE
	EndGlobalSection
EndGlobal
